
Microsoft Visual Studio Solution File, Format Version 12.00
# Visual Studio 15
VisualStudioVersion = 15.0.27703.2000
MinimumVisualStudioVersion = 10.0.40219.1
Project("{FAE04EC0-301F-11D3-BF4B-00C04F79EFBC}") = "Lab5", "Lab5\Lab5.csproj", "{4AF55CDA-F511-4054-890B-66BEB3AD94B9}"
EndProject
Global
	GlobalSection(SolutionConfigurationPlatforms) = preSolution
		Debug|Any CPU = Debug|Any CPU
		Release|Any CPU = Release|Any CPU
	EndGlobalSection
	GlobalSection(ProjectConfigurationPlatforms) = postSolution
		{4AF55CDA-F511-4054-890B-66BEB3AD94B9}.Debug|Any CPU.ActiveCfg = Debug|Any CPU
		{4AF55CDA-F511-4054-890B-66BEB3AD94B9}.Debug|Any CPU.Build.0 = Debug|Any CPU
		{4AF55CDA-F511-4054-890B-66BEB3AD94B9}.Release|Any CPU.ActiveCfg = Release|Any CPU
		{4AF55CDA-F511-4054-890B-66BEB3AD94B9}.Release|Any CPU.Build.0 = Release|Any CPU
	EndGlobalSection
	GlobalSection(SolutionProperties) = preSolution
		HideSolutionNode = FALSE
	EndGlobalSection
	GlobalSection(ExtensibilityGlobals) = postSolution
		SolutionGuid = {2513D674-2D0A-4B02-A28E-5AEC47F560D4}
	EndGlobalSection
EndGlobal
